
Microsoft Visual Studio Solution File, Format Version 12.00
# Visual Studio Version 16
VisualStudioVersion = 16.0.30406.217
MinimumVisualStudioVersion = 10.0.40219.1
Project("{9A19103F-16F7-4668-BE54-9A1E7A4F7556}") = "Urbanizacion.Common", "Urbanizacion.Common\Urbanizacion.Common.csproj", "{C10915CF-56B5-451E-8019-A614FA104244}"
EndProject
Project("{9A19103F-16F7-4668-BE54-9A1E7A4F7556}") = "Urbanizacion.Web", "Urbanizacion.Web\Urbanizacion.Web.csproj", "{CA103F93-AFBE-4A31-A973-F2C628D67407}"
EndProject
Project("{9A19103F-16F7-4668-BE54-9A1E7A4F7556}") = "Urbanizacion.Prism", "Urbanizacion.Prism\Urbanizacion.Prism\Urbanizacion.Prism.csproj", "{576735ED-50E0-432D-9153-7D11FB210EFC}"
EndProject
Project("{FAE04EC0-301F-11D3-BF4B-00C04F79EFBC}") = "Urbanizacion.Prism.Android", "Urbanizacion.Prism\Urbanizacion.Prism.Android\Urbanizacion.Prism.Android.csproj", "{FD146E1B-5840-41F8-A227-8607FA000051}"
EndProject
Project("{FAE04EC0-301F-11D3-BF4B-00C04F79EFBC}") = "Urbanizacion.Prism.iOS", "Urbanizacion.Prism\Urbanizacion.Prism.iOS\Urbanizacion.Prism.iOS.csproj", "{5A557214-70F1-4D6D-9B10-EC6316F37F1F}"
EndProject
Project("{FAE04EC0-301F-11D3-BF4B-00C04F79EFBC}") = "Urbanizacion.Cross.Android", "Urbanizacion.Cross.Android\Urbanizacion.Cross.Android.csproj", "{A4BD3B0C-25FA-407E-898B-9819010E0E04}"
EndProject
Project("{FAE04EC0-301F-11D3-BF4B-00C04F79EFBC}") = "Urbanizacion.Cross.iOS", "Urbanizacion.Cross.iOS\Urbanizacion.Cross.iOS.csproj", "{60103C79-8EC4-4AF8-B125-030FD02C5AD4}"
EndProject
Global
	GlobalSection(SolutionConfigurationPlatforms) = preSolution
		Ad-Hoc|Any CPU = Ad-Hoc|Any CPU
		Ad-Hoc|iPhone = Ad-Hoc|iPhone
		Ad-Hoc|iPhoneSimulator = Ad-Hoc|iPhoneSimulator
		AppStore|Any CPU = AppStore|Any CPU
		AppStore|iPhone = AppStore|iPhone
		AppStore|iPhoneSimulator = AppStore|iPhoneSimulator
		Debug|Any CPU = Debug|Any CPU
		Debug|iPhone = Debug|iPhone
		Debug|iPhoneSimulator = Debug|iPhoneSimulator
		Release|Any CPU = Release|Any CPU
		Release|iPhone = Release|iPhone
		Release|iPhoneSimulator = Release|iPhoneSimulator
	EndGlobalSection
	GlobalSection(ProjectConfigurationPlatforms) = postSolution
		{C10915CF-56B5-451E-8019-A614FA104244}.Ad-Hoc|Any CPU.ActiveCfg = Debug|Any CPU
		{C10915CF-56B5-451E-8019-A614FA104244}.Ad-Hoc|Any CPU.Build.0 = Debug|Any CPU
		{C10915CF-56B5-451E-8019-A614FA104244}.Ad-Hoc|iPhone.ActiveCfg = Debug|Any CPU
		{C10915CF-56B5-451E-8019-A614FA104244}.Ad-Hoc|iPhone.Build.0 = Debug|Any CPU
		{C10915CF-56B5-451E-8019-A614FA104244}.Ad-Hoc|iPhoneSimulator.ActiveCfg = Debug|Any CPU
		{C10915CF-56B5-451E-8019-A614FA104244}.Ad-Hoc|iPhoneSimulator.Build.0 = Debug|Any CPU
		{C10915CF-56B5-451E-8019-A614FA104244}.AppStore|Any CPU.ActiveCfg = Debug|Any CPU
		{C10915CF-56B5-451E-8019-A614FA104244}.AppStore|Any CPU.Build.0 = Debug|Any CPU
		{C10915CF-56B5-451E-8019-A614FA104244}.AppStore|iPhone.ActiveCfg = Debug|Any CPU
		{C10915CF-56B5-451E-8019-A614FA104244}.AppStore|iPhone.Build.0 = Debug|Any CPU
		{C10915CF-56B5-451E-8019-A614FA104244}.AppStore|iPhoneSimulator.ActiveCfg = Debug|Any CPU
		{C10915CF-56B5-451E-8019-A614FA104244}.AppStore|iPhoneSimulator.Build.0 = Debug|Any CPU
		{C10915CF-56B5-451E-8019-A614FA104244}.Debug|Any CPU.ActiveCfg = Debug|Any CPU
		{C10915CF-56B5-451E-8019-A614FA104244}.Debug|Any CPU.Build.0 = Debug|Any CPU
		{C10915CF-56B5-451E-8019-A614FA104244}.Debug|iPhone.ActiveCfg = Debug|Any CPU
		{C10915CF-56B5-451E-8019-A614FA104244}.Debug|iPhone.Build.0 = Debug|Any CPU
		{C10915CF-56B5-451E-8019-A614FA104244}.Debug|iPhoneSimulator.ActiveCfg = Debug|Any CPU
		{C10915CF-56B5-451E-8019-A614FA104244}.Debug|iPhoneSimulator.Build.0 = Debug|Any CPU
		{C10915CF-56B5-451E-8019-A614FA104244}.Release|Any CPU.ActiveCfg = Release|Any CPU
		{C10915CF-56B5-451E-8019-A614FA104244}.Release|Any CPU.Build.0 = Release|Any CPU
		{C10915CF-56B5-451E-8019-A614FA104244}.Release|iPhone.ActiveCfg = Release|Any CPU
		{C10915CF-56B5-451E-8019-A614FA104244}.Release|iPhone.Build.0 = Release|Any CPU
		{C10915CF-56B5-451E-8019-A614FA104244}.Release|iPhoneSimulator.ActiveCfg = Release|Any CPU
		{C10915CF-56B5-451E-8019-A614FA104244}.Release|iPhoneSimulator.Build.0 = Release|Any CPU
		{CA103F93-AFBE-4A31-A973-F2C628D67407}.Ad-Hoc|Any CPU.ActiveCfg = Debug|Any CPU
		{CA103F93-AFBE-4A31-A973-F2C628D67407}.Ad-Hoc|Any CPU.Build.0 = Debug|Any CPU
		{CA103F93-AFBE-4A31-A973-F2C628D67407}.Ad-Hoc|iPhone.ActiveCfg = Debug|Any CPU
		{CA103F93-AFBE-4A31-A973-F2C628D67407}.Ad-Hoc|iPhone.Build.0 = Debug|Any CPU
		{CA103F93-AFBE-4A31-A973-F2C628D67407}.Ad-Hoc|iPhoneSimulator.ActiveCfg = Debug|Any CPU
		{CA103F93-AFBE-4A31-A973-F2C628D67407}.Ad-Hoc|iPhoneSimulator.Build.0 = Debug|Any CPU
		{CA103F93-AFBE-4A31-A973-F2C628D67407}.AppStore|Any CPU.ActiveCfg = Debug|Any CPU
		{CA103F93-AFBE-4A31-A973-F2C628D67407}.AppStore|Any CPU.Build.0 = Debug|Any CPU
		{CA103F93-AFBE-4A31-A973-F2C628D67407}.AppStore|iPhone.ActiveCfg = Debug|Any CPU
		{CA103F93-AFBE-4A31-A973-F2C628D67407}.AppStore|iPhone.Build.0 = Debug|Any CPU
		{CA103F93-AFBE-4A31-A973-F2C628D67407}.AppStore|iPhoneSimulator.ActiveCfg = Debug|Any CPU
		{CA103F93-AFBE-4A31-A973-F2C628D67407}.AppStore|iPhoneSimulator.Build.0 = Debug|Any CPU
		{CA103F93-AFBE-4A31-A973-F2C628D67407}.Debug|Any CPU.ActiveCfg = Debug|Any CPU
		{CA103F93-AFBE-4A31-A973-F2C628D67407}.Debug|Any CPU.Build.0 = Debug|Any CPU
		{CA103F93-AFBE-4A31-A973-F2C628D67407}.Debug|iPhone.ActiveCfg = Debug|Any CPU
		{CA103F93-AFBE-4A31-A973-F2C628D67407}.Debug|iPhone.Build.0 = Debug|Any CPU
		{CA103F93-AFBE-4A31-A973-F2C628D67407}.Debug|iPhoneSimulator.ActiveCfg = Debug|Any CPU
		{CA103F93-AFBE-4A31-A973-F2C628D67407}.Debug|iPhoneSimulator.Build.0 = Debug|Any CPU
		{CA103F93-AFBE-4A31-A973-F2C628D67407}.Release|Any CPU.ActiveCfg = Release|Any CPU
		{CA103F93-AFBE-4A31-A973-F2C628D67407}.Release|Any CPU.Build.0 = Release|Any CPU
		{CA103F93-AFBE-4A31-A973-F2C628D67407}.Release|iPhone.ActiveCfg = Release|Any CPU
		{CA103F93-AFBE-4A31-A973-F2C628D67407}.Release|iPhone.Build.0 = Release|Any CPU
		{CA103F93-AFBE-4A31-A973-F2C628D67407}.Release|iPhoneSimulator.ActiveCfg = Release|Any CPU
		{CA103F93-AFBE-4A31-A973-F2C628D67407}.Release|iPhoneSimulator.Build.0 = Release|Any CPU
		{576735ED-50E0-432D-9153-7D11FB210EFC}.Ad-Hoc|Any CPU.ActiveCfg = Debug|Any CPU
		{576735ED-50E0-432D-9153-7D11FB210EFC}.Ad-Hoc|Any CPU.Build.0 = Debug|Any CPU
		{576735ED-50E0-432D-9153-7D11FB210EFC}.Ad-Hoc|iPhone.ActiveCfg = Debug|Any CPU
		{576735ED-50E0-432D-9153-7D11FB210EFC}.Ad-Hoc|iPhone.Build.0 = Debug|Any CPU
		{576735ED-50E0-432D-9153-7D11FB210EFC}.Ad-Hoc|iPhoneSimulator.ActiveCfg = Debug|Any CPU
		{576735ED-50E0-432D-9153-7D11FB210EFC}.Ad-Hoc|iPhoneSimulator.Build.0 = Debug|Any CPU
		{576735ED-50E0-432D-9153-7D11FB210EFC}.AppStore|Any CPU.ActiveCfg = Debug|Any CPU
		{576735ED-50E0-432D-9153-7D11FB210EFC}.AppStore|Any CPU.Build.0 = Debug|Any CPU
		{576735ED-50E0-432D-9153-7D11FB210EFC}.AppStore|iPhone.ActiveCfg = Debug|Any CPU
		{576735ED-50E0-432D-9153-7D11FB210EFC}.AppStore|iPhone.Build.0 = Debug|Any CPU
		{576735ED-50E0-432D-9153-7D11FB210EFC}.AppStore|iPhoneSimulator.ActiveCfg = Debug|Any CPU
		{576735ED-50E0-432D-9153-7D11FB210EFC}.AppStore|iPhoneSimulator.Build.0 = Debug|Any CPU
		{576735ED-50E0-432D-9153-7D11FB210EFC}.Debug|Any CPU.ActiveCfg = Debug|Any CPU
		{576735ED-50E0-432D-9153-7D11FB210EFC}.Debug|Any CPU.Build.0 = Debug|Any CPU
		{576735ED-50E0-432D-9153-7D11FB210EFC}.Debug|iPhone.ActiveCfg = Debug|Any CPU
		{576735ED-50E0-432D-9153-7D11FB210EFC}.Debug|iPhone.Build.0 = Debug|Any CPU
		{576735ED-50E0-432D-9153-7D11FB210EFC}.Debug|iPhoneSimulator.ActiveCfg = Debug|Any CPU
		{576735ED-50E0-432D-9153-7D11FB210EFC}.Debug|iPhoneSimulator.Build.0 = Debug|Any CPU
		{576735ED-50E0-432D-9153-7D11FB210EFC}.Release|Any CPU.ActiveCfg = Release|Any CPU
		{576735ED-50E0-432D-9153-7D11FB210EFC}.Release|Any CPU.Build.0 = Release|Any CPU
		{576735ED-50E0-432D-9153-7D11FB210EFC}.Release|iPhone.ActiveCfg = Release|Any CPU
		{576735ED-50E0-432D-9153-7D11FB210EFC}.Release|iPhone.Build.0 = Release|Any CPU
		{576735ED-50E0-432D-9153-7D11FB210EFC}.Release|iPhoneSimulator.ActiveCfg = Release|Any CPU
		{576735ED-50E0-432D-9153-7D11FB210EFC}.Release|iPhoneSimulator.Build.0 = Release|Any CPU
		{FD146E1B-5840-41F8-A227-8607FA000051}.Ad-Hoc|Any CPU.ActiveCfg = Release|Any CPU
		{FD146E1B-5840-41F8-A227-8607FA000051}.Ad-Hoc|Any CPU.Build.0 = Release|Any CPU
		{FD146E1B-5840-41F8-A227-8607FA000051}.Ad-Hoc|Any CPU.Deploy.0 = Release|Any CPU
		{FD146E1B-5840-41F8-A227-8607FA000051}.Ad-Hoc|iPhone.ActiveCfg = Release|Any CPU
		{FD146E1B-5840-41F8-A227-8607FA000051}.Ad-Hoc|iPhone.Build.0 = Release|Any CPU
		{FD146E1B-5840-41F8-A227-8607FA000051}.Ad-Hoc|iPhone.Deploy.0 = Release|Any CPU
		{FD146E1B-5840-41F8-A227-8607FA000051}.Ad-Hoc|iPhoneSimulator.ActiveCfg = Release|Any CPU
		{FD146E1B-5840-41F8-A227-8607FA000051}.Ad-Hoc|iPhoneSimulator.Build.0 = Release|Any CPU
		{FD146E1B-5840-41F8-A227-8607FA000051}.Ad-Hoc|iPhoneSimulator.Deploy.0 = Release|Any CPU
		{FD146E1B-5840-41F8-A227-8607FA000051}.AppStore|Any CPU.ActiveCfg = Release|Any CPU
		{FD146E1B-5840-41F8-A227-8607FA000051}.AppStore|Any CPU.Build.0 = Release|Any CPU
		{FD146E1B-5840-41F8-A227-8607FA000051}.AppStore|Any CPU.Deploy.0 = Release|Any CPU
		{FD146E1B-5840-41F8-A227-8607FA000051}.AppStore|iPhone.ActiveCfg = Release|Any CPU
		{FD146E1B-5840-41F8-A227-8607FA000051}.AppStore|iPhone.Build.0 = Release|Any CPU
		{FD146E1B-5840-41F8-A227-8607FA000051}.AppStore|iPhone.Deploy.0 = Release|Any CPU
		{FD146E1B-5840-41F8-A227-8607FA000051}.AppStore|iPhoneSimulator.ActiveCfg = Release|Any CPU
		{FD146E1B-5840-41F8-A227-8607FA000051}.AppStore|iPhoneSimulator.Build.0 = Release|Any CPU
		{FD146E1B-5840-41F8-A227-8607FA000051}.AppStore|iPhoneSimulator.Deploy.0 = Release|Any CPU
		{FD146E1B-5840-41F8-A227-8607FA000051}.Debug|Any CPU.ActiveCfg = Debug|Any CPU
		{FD146E1B-5840-41F8-A227-8607FA000051}.Debug|Any CPU.Build.0 = Debug|Any CPU
		{FD146E1B-5840-41F8-A227-8607FA000051}.Debug|Any CPU.Deploy.0 = Debug|Any CPU
		{FD146E1B-5840-41F8-A227-8607FA000051}.Debug|iPhone.ActiveCfg = Debug|Any CPU
		{FD146E1B-5840-41F8-A227-8607FA000051}.Debug|iPhone.Build.0 = Debug|Any CPU
		{FD146E1B-5840-41F8-A227-8607FA000051}.Debug|iPhone.Deploy.0 = Debug|Any CPU
		{FD146E1B-5840-41F8-A227-8607FA000051}.Debug|iPhoneSimulator.ActiveCfg = Debug|Any CPU
		{FD146E1B-5840-41F8-A227-8607FA000051}.Debug|iPhoneSimulator.Build.0 = Debug|Any CPU
		{FD146E1B-5840-41F8-A227-8607FA000051}.Debug|iPhoneSimulator.Deploy.0 = Debug|Any CPU
		{FD146E1B-5840-41F8-A227-8607FA000051}.Release|Any CPU.ActiveCfg = Release|Any CPU
		{FD146E1B-5840-41F8-A227-8607FA000051}.Release|Any CPU.Build.0 = Release|Any CPU
		{FD146E1B-5840-41F8-A227-8607FA000051}.Release|Any CPU.Deploy.0 = Release|Any CPU
		{FD146E1B-5840-41F8-A227-8607FA000051}.Release|iPhone.ActiveCfg = Release|Any CPU
		{FD146E1B-5840-41F8-A227-8607FA000051}.Release|iPhone.Build.0 = Release|Any CPU
		{FD146E1B-5840-41F8-A227-8607FA000051}.Release|iPhone.Deploy.0 = Release|Any CPU
		{FD146E1B-5840-41F8-A227-8607FA000051}.Release|iPhoneSimulator.ActiveCfg = Release|Any CPU
		{FD146E1B-5840-41F8-A227-8607FA000051}.Release|iPhoneSimulator.Build.0 = Release|Any CPU
		{FD146E1B-5840-41F8-A227-8607FA000051}.Release|iPhoneSimulator.Deploy.0 = Release|Any CPU
		{5A557214-70F1-4D6D-9B10-EC6316F37F1F}.Ad-Hoc|Any CPU.ActiveCfg = Ad-Hoc|iPhone
		{5A557214-70F1-4D6D-9B10-EC6316F37F1F}.Ad-Hoc|iPhone.ActiveCfg = Ad-Hoc|iPhone
		{5A557214-70F1-4D6D-9B10-EC6316F37F1F}.Ad-Hoc|iPhone.Build.0 = Ad-Hoc|iPhone
		{5A557214-70F1-4D6D-9B10-EC6316F37F1F}.Ad-Hoc|iPhoneSimulator.ActiveCfg = Ad-Hoc|iPhoneSimulator
		{5A557214-70F1-4D6D-9B10-EC6316F37F1F}.Ad-Hoc|iPhoneSimulator.Build.0 = Ad-Hoc|iPhoneSimulator
		{5A557214-70F1-4D6D-9B10-EC6316F37F1F}.AppStore|Any CPU.ActiveCfg = AppStore|iPhone
		{5A557214-70F1-4D6D-9B10-EC6316F37F1F}.AppStore|iPhone.ActiveCfg = AppStore|iPhone
		{5A557214-70F1-4D6D-9B10-EC6316F37F1F}.AppStore|iPhone.Build.0 = AppStore|iPhone
		{5A557214-70F1-4D6D-9B10-EC6316F37F1F}.AppStore|iPhoneSimulator.ActiveCfg = AppStore|iPhoneSimulator
		{5A557214-70F1-4D6D-9B10-EC6316F37F1F}.AppStore|iPhoneSimulator.Build.0 = AppStore|iPhoneSimulator
		{5A557214-70F1-4D6D-9B10-EC6316F37F1F}.Debug|Any CPU.ActiveCfg = Debug|iPhone
		{5A557214-70F1-4D6D-9B10-EC6316F37F1F}.Debug|iPhone.ActiveCfg = Debug|iPhone
		{5A557214-70F1-4D6D-9B10-EC6316F37F1F}.Debug|iPhone.Build.0 = Debug|iPhone
		{5A557214-70F1-4D6D-9B10-EC6316F37F1F}.Debug|iPhoneSimulator.ActiveCfg = Debug|iPhoneSimulator
		{5A557214-70F1-4D6D-9B10-EC6316F37F1F}.Debug|iPhoneSimulator.Build.0 = Debug|iPhoneSimulator
		{5A557214-70F1-4D6D-9B10-EC6316F37F1F}.Release|Any CPU.ActiveCfg = Release|iPhone
		{5A557214-70F1-4D6D-9B10-EC6316F37F1F}.Release|iPhone.ActiveCfg = Release|iPhone
		{5A557214-70F1-4D6D-9B10-EC6316F37F1F}.Release|iPhone.Build.0 = Release|iPhone
		{5A557214-70F1-4D6D-9B10-EC6316F37F1F}.Release|iPhoneSimulator.ActiveCfg = Release|iPhoneSimulator
		{5A557214-70F1-4D6D-9B10-EC6316F37F1F}.Release|iPhoneSimulator.Build.0 = Release|iPhoneSimulator
		{A4BD3B0C-25FA-407E-898B-9819010E0E04}.Ad-Hoc|Any CPU.ActiveCfg = Release|Any CPU
		{A4BD3B0C-25FA-407E-898B-9819010E0E04}.Ad-Hoc|Any CPU.Build.0 = Release|Any CPU
		{A4BD3B0C-25FA-407E-898B-9819010E0E04}.Ad-Hoc|Any CPU.Deploy.0 = Release|Any CPU
		{A4BD3B0C-25FA-407E-898B-9819010E0E04}.Ad-Hoc|iPhone.ActiveCfg = Release|Any CPU
		{A4BD3B0C-25FA-407E-898B-9819010E0E04}.Ad-Hoc|iPhone.Build.0 = Release|Any CPU
		{A4BD3B0C-25FA-407E-898B-9819010E0E04}.Ad-Hoc|iPhone.Deploy.0 = Release|Any CPU
		{A4BD3B0C-25FA-407E-898B-9819010E0E04}.Ad-Hoc|iPhoneSimulator.ActiveCfg = Release|Any CPU
		{A4BD3B0C-25FA-407E-898B-9819010E0E04}.Ad-Hoc|iPhoneSimulator.Build.0 = Release|Any CPU
		{A4BD3B0C-25FA-407E-898B-9819010E0E04}.Ad-Hoc|iPhoneSimulator.Deploy.0 = Release|Any CPU
		{A4BD3B0C-25FA-407E-898B-9819010E0E04}.AppStore|Any CPU.ActiveCfg = Release|Any CPU
		{A4BD3B0C-25FA-407E-898B-9819010E0E04}.AppStore|Any CPU.Build.0 = Release|Any CPU
		{A4BD3B0C-25FA-407E-898B-9819010E0E04}.AppStore|Any CPU.Deploy.0 = Release|Any CPU
		{A4BD3B0C-25FA-407E-898B-9819010E0E04}.AppStore|iPhone.ActiveCfg = Release|Any CPU
		{A4BD3B0C-25FA-407E-898B-9819010E0E04}.AppStore|iPhone.Build.0 = Release|Any CPU
		{A4BD3B0C-25FA-407E-898B-9819010E0E04}.AppStore|iPhone.Deploy.0 = Release|Any CPU
		{A4BD3B0C-25FA-407E-898B-9819010E0E04}.AppStore|iPhoneSimulator.ActiveCfg = Release|Any CPU
		{A4BD3B0C-25FA-407E-898B-9819010E0E04}.AppStore|iPhoneSimulator.Build.0 = Release|Any CPU
		{A4BD3B0C-25FA-407E-898B-9819010E0E04}.AppStore|iPhoneSimulator.Deploy.0 = Release|Any CPU
		{A4BD3B0C-25FA-407E-898B-9819010E0E04}.Debug|Any CPU.ActiveCfg = Debug|Any CPU
		{A4BD3B0C-25FA-407E-898B-9819010E0E04}.Debug|Any CPU.Build.0 = Debug|Any CPU
		{A4BD3B0C-25FA-407E-898B-9819010E0E04}.Debug|Any CPU.Deploy.0 = Debug|Any CPU
		{A4BD3B0C-25FA-407E-898B-9819010E0E04}.Debug|iPhone.ActiveCfg = Debug|Any CPU
		{A4BD3B0C-25FA-407E-898B-9819010E0E04}.Debug|iPhone.Build.0 = Debug|Any CPU
		{A4BD3B0C-25FA-407E-898B-9819010E0E04}.Debug|iPhone.Deploy.0 = Debug|Any CPU
		{A4BD3B0C-25FA-407E-898B-9819010E0E04}.Debug|iPhoneSimulator.ActiveCfg = Debug|Any CPU
		{A4BD3B0C-25FA-407E-898B-9819010E0E04}.Debug|iPhoneSimulator.Build.0 = Debug|Any CPU
		{A4BD3B0C-25FA-407E-898B-9819010E0E04}.Debug|iPhoneSimulator.Deploy.0 = Debug|Any CPU
		{A4BD3B0C-25FA-407E-898B-9819010E0E04}.Release|Any CPU.ActiveCfg = Release|Any CPU
		{A4BD3B0C-25FA-407E-898B-9819010E0E04}.Release|Any CPU.Build.0 = Release|Any CPU
		{A4BD3B0C-25FA-407E-898B-9819010E0E04}.Release|Any CPU.Deploy.0 = Release|Any CPU
		{A4BD3B0C-25FA-407E-898B-9819010E0E04}.Release|iPhone.ActiveCfg = Release|Any CPU
		{A4BD3B0C-25FA-407E-898B-9819010E0E04}.Release|iPhone.Build.0 = Release|Any CPU
		{A4BD3B0C-25FA-407E-898B-9819010E0E04}.Release|iPhone.Deploy.0 = Release|Any CPU
		{A4BD3B0C-25FA-407E-898B-9819010E0E04}.Release|iPhoneSimulator.ActiveCfg = Release|Any CPU
		{A4BD3B0C-25FA-407E-898B-9819010E0E04}.Release|iPhoneSimulator.Build.0 = Release|Any CPU
		{A4BD3B0C-25FA-407E-898B-9819010E0E04}.Release|iPhoneSimulator.Deploy.0 = Release|Any CPU
		{60103C79-8EC4-4AF8-B125-030FD02C5AD4}.Ad-Hoc|Any CPU.ActiveCfg = Release|iPhone
		{60103C79-8EC4-4AF8-B125-030FD02C5AD4}.Ad-Hoc|Any CPU.Build.0 = Release|iPhone
		{60103C79-8EC4-4AF8-B125-030FD02C5AD4}.Ad-Hoc|iPhone.ActiveCfg = Release|iPhone
		{60103C79-8EC4-4AF8-B125-030FD02C5AD4}.Ad-Hoc|iPhone.Build.0 = Release|iPhone
		{60103C79-8EC4-4AF8-B125-030FD02C5AD4}.Ad-Hoc|iPhoneSimulator.ActiveCfg = Release|iPhoneSimulator
		{60103C79-8EC4-4AF8-B125-030FD02C5AD4}.Ad-Hoc|iPhoneSimulator.Build.0 = Release|iPhoneSimulator
		{60103C79-8EC4-4AF8-B125-030FD02C5AD4}.AppStore|Any CPU.ActiveCfg = Release|iPhone
		{60103C79-8EC4-4AF8-B125-030FD02C5AD4}.AppStore|Any CPU.Build.0 = Release|iPhone
		{60103C79-8EC4-4AF8-B125-030FD02C5AD4}.AppStore|iPhone.ActiveCfg = Release|iPhone
		{60103C79-8EC4-4AF8-B125-030FD02C5AD4}.AppStore|iPhone.Build.0 = Release|iPhone
		{60103C79-8EC4-4AF8-B125-030FD02C5AD4}.AppStore|iPhoneSimulator.ActiveCfg = Release|iPhoneSimulator
		{60103C79-8EC4-4AF8-B125-030FD02C5AD4}.AppStore|iPhoneSimulator.Build.0 = Release|iPhoneSimulator
		{60103C79-8EC4-4AF8-B125-030FD02C5AD4}.Debug|Any CPU.ActiveCfg = Debug|iPhone
		{60103C79-8EC4-4AF8-B125-030FD02C5AD4}.Debug|iPhone.ActiveCfg = Debug|iPhone
		{60103C79-8EC4-4AF8-B125-030FD02C5AD4}.Debug|iPhone.Build.0 = Debug|iPhone
		{60103C79-8EC4-4AF8-B125-030FD02C5AD4}.Debug|iPhoneSimulator.ActiveCfg = Debug|iPhoneSimulator
		{60103C79-8EC4-4AF8-B125-030FD02C5AD4}.Debug|iPhoneSimulator.Build.0 = Debug|iPhoneSimulator
		{60103C79-8EC4-4AF8-B125-030FD02C5AD4}.Release|Any CPU.ActiveCfg = Release|iPhone
		{60103C79-8EC4-4AF8-B125-030FD02C5AD4}.Release|iPhone.ActiveCfg = Release|iPhone
		{60103C79-8EC4-4AF8-B125-030FD02C5AD4}.Release|iPhone.Build.0 = Release|iPhone
		{60103C79-8EC4-4AF8-B125-030FD02C5AD4}.Release|iPhoneSimulator.ActiveCfg = Release|iPhoneSimulator
		{60103C79-8EC4-4AF8-B125-030FD02C5AD4}.Release|iPhoneSimulator.Build.0 = Release|iPhoneSimulator
	EndGlobalSection
	GlobalSection(SolutionProperties) = preSolution
		HideSolutionNode = FALSE
	EndGlobalSection
	GlobalSection(ExtensibilityGlobals) = postSolution
		SolutionGuid = {B88CA1E9-B3AE-442F-9323-F9FCC35F3E5B}
	EndGlobalSection
EndGlobal
